
Microsoft Visual Studio Solution File, Format Version 12.00
# Visual Studio Version 17
VisualStudioVersion = 17.7.34024.191
MinimumVisualStudioVersion = 10.0.40219.1
Project("{FAE04EC0-301F-11D3-BF4B-00C04F79EFBC}") = "WF_DZ_4", "WF_DZ_4\WF_DZ_4.csproj", "{40C93CB7-EEFD-447A-9B52-9D070F34F43B}"
EndProject
Global
	GlobalSection(SolutionConfigurationPlatforms) = preSolution
		Debug|Any CPU = Debug|Any CPU
		Release|Any CPU = Release|Any CPU
	EndGlobalSection
	GlobalSection(ProjectConfigurationPlatforms) = postSolution
		{40C93CB7-EEFD-447A-9B52-9D070F34F43B}.Debug|Any CPU.ActiveCfg = Debug|Any CPU
		{40C93CB7-EEFD-447A-9B52-9D070F34F43B}.Debug|Any CPU.Build.0 = Debug|Any CPU
		{40C93CB7-EEFD-447A-9B52-9D070F34F43B}.Release|Any CPU.ActiveCfg = Release|Any CPU
		{40C93CB7-EEFD-447A-9B52-9D070F34F43B}.Release|Any CPU.Build.0 = Release|Any CPU
	EndGlobalSection
	GlobalSection(SolutionProperties) = preSolution
		HideSolutionNode = FALSE
	EndGlobalSection
	GlobalSection(ExtensibilityGlobals) = postSolution
		SolutionGuid = {6C34D6B9-C41D-4093-A4A5-526B11459E93}
	EndGlobalSection
EndGlobal
